// !$*UTF8*$!
{
	archiveVersion = 1;
	classes = {
	};
	objectVersion = 50;
	objects = {

/* Begin PBXBuildFile section */
		16F2B482214C762E0000EFEC /* AppDelegate.swift in Sources */ = {isa = PBXBuildFile; fileRef = 16F2B481214C762E0000EFEC /* AppDelegate.swift */; };
		16F2B484214C762E0000EFEC /* ViewController.swift in Sources */ = {isa = PBXBuildFile; fileRef = 16F2B483214C762E0000EFEC /* ViewController.swift */; };
		16F2B487214C762E0000EFEC /* Main.storyboard in Resources */ = {isa = PBXBuildFile; fileRef = 16F2B485214C762E0000EFEC /* Main.storyboard */; };
		16F2B48A214C762E0000EFEC /* Programmatic_Autolayout_Constraints.xcdatamodeld in Sources */ = {isa = PBXBuildFile; fileRef = 16F2B488214C762E0000EFEC /* Programmatic_Autolayout_Constraints.xcdatamodeld */; };
		16F2B48C214C76310000EFEC /* Assets.xcassets in Resources */ = {isa = PBXBuildFile; fileRef = 16F2B48B214C76310000EFEC /* Assets.xcassets */; };
		16F2B48F214C76310000EFEC /* LaunchScreen.storyboard in Resources */ = {isa = PBXBuildFile; fileRef = 16F2B48D214C76310000EFEC /* LaunchScreen.storyboard */; };
/* End PBXBuildFile section */

/* Begin PBXFileReference section */
		16F2B47E214C762E0000EFEC /* Programmatic Autolayout Constraints.app */ = {isa = PBXFileReference; explicitFileType = wrapper.application; includeInIndex = 0; path = "Programmatic Autolayout Constraints.app"; sourceTree = BUILT_PRODUCTS_DIR; };
		16F2B481214C762E0000EFEC /* AppDelegate.swift */ = {isa = PBXFileReference; lastKnownFileType = sourcecode.swift; path = AppDelegate.swift; sourceTree = "<group>"; };
		16F2B483214C762E0000EFEC /* ViewController.swift */ = {isa = PBXFileReference; lastKnownFileType = sourcecode.swift; path = ViewController.swift; sourceTree = "<group>"; };
		16F2B486214C762E0000EFEC /* Base */ = {isa = PBXFileReference; lastKnownFileType = file.storyboard; name = Base; path = Base.lproj/Main.storyboard; sourceTree = "<group>"; };
		16F2B489214C762E0000EFEC /* Programmatic_Autolayout_Constraints.xcdatamodel */ = {isa = PBXFileReference; lastKnownFileType = wrapper.xcdatamodel; path = Programmatic_Autolayout_Constraints.xcdatamodel; sourceTree = "<group>"; };
		16F2B48B214C76310000EFEC /* Assets.xcassets */ = {isa = PBXFileReference; lastKnownFileType = folder.assetcatalog; path = Assets.xcassets; sourceTree = "<group>"; };
		16F2B48E214C76310000EFEC /* Base */ = {isa = PBXFileReference; lastKnownFileType = file.storyboard; name = Base; path = Base.lproj/LaunchScreen.storyboard; sourceTree = "<group>"; };
		16F2B490214C76310000EFEC /* Info.plist */ = {isa = PBXFileReference; lastKnownFileType = text.plist.xml; path = Info.plist; sourceTree = "<group>"; };
/* End PBXFileReference section */

/* Begin PBXFrameworksBuildPhase section */
		16F2B47B214C762E0000EFEC /* Frameworks */ = {
			isa = PBXFrameworksBuildPhase;
			buildActionMask = 2147483647;
			files = (
			);
			runOnlyForDeploymentPostprocessing = 0;
		};
/* End PBXFrameworksBuildPhase section */

/* Begin PBXGroup section */
		16F2B475214C762E0000EFEC = {
			isa = PBXGroup;
			children = (
				16F2B480214C762E0000EFEC /* Programmatic Autolayout Constraints */,
				16F2B47F214C762E0000EFEC /* Products */,
			);
			sourceTree = "<group>";
		};
		16F2B47F214C762E0000EFEC /* Products */ = {
			isa = PBXGroup;
			children = (
				16F2B47E214C762E0000EFEC /* Programmatic Autolayout Constraints.app */,
			);
			name = Products;
			sourceTree = "<group>";
		};
		16F2B480214C762E0000EFEC /* Programmatic Autolayout Constraints */ = {
			isa = PBXGroup;
			children = (
				16F2B481214C762E0000EFEC /* AppDelegate.swift */,
				16F2B483214C762E0000EFEC /* ViewController.swift */,
				16F2B485214C762E0000EFEC /* Main.storyboard */,
				16F2B48B214C76310000EFEC /* Assets.xcassets */,
				16F2B48D214C76310000EFEC /* LaunchScreen.storyboard */,
				16F2B490214C76310000EFEC /* Info.plist */,
				16F2B488214C762E0000EFEC /* Programmatic_Autolayout_Constraints.xcdatamodeld */,
			);
			path = "Programmatic Autolayout Constraints";
			sourceTree = "<group>";
		};
/* End PBXGroup section */

/* Begin PBXNativeTarget section */
		16F2B47D214C762E0000EFEC /* Programmatic Autolayout Constraints */ = {
			isa = PBXNativeTarget;
			buildConfigurationList = 16F2B493214C76310000EFEC /* Build configuration list for PBXNativeTarget "Programmatic Autolayout Constraints" */;
			buildPhases = (
				16F2B47A214C762E0000EFEC /* Sources */,
				16F2B47B214C762E0000EFEC /* Frameworks */,
				16F2B47C214C762E0000EFEC /* Resources */,
			);
			buildRules = (
			);
			dependencies = (
			);
			name = "Programmatic Autolayout Constraints";
			productName = "Programmatic Autolayout Constraints";
			productReference = 16F2B47E214C762E0000EFEC /* Programmatic Autolayout Constraints.app */;
			productType = "com.apple.product-type.application";
		};
/* End PBXNativeTarget section */

/* Begin PBXProject section */
		16F2B476214C762E0000EFEC /* Project object */ = {
			isa = PBXProject;
			attributes = {
				LastSwiftUpdateCheck = 0940;
				LastUpgradeCheck = 0940;
				ORGANIZATIONNAME = "Anand Kulkarni";
				TargetAttributes = {
					16F2B47D214C762E0000EFEC = {
						CreatedOnToolsVersion = 9.4.1;
					};
				};
			};
			buildConfigurationList = 16F2B479214C762E0000EFEC /* Build configuration list for PBXProject "Programmatic Autolayout Constraints" */;
			compatibilityVersion = "Xcode 9.3";
			developmentRegion = en;
			hasScannedForEncodings = 0;
			knownRegions = (
				en,
				Base,
			);
			mainGroup = 16F2B475214C762E0000EFEC;
			productRefGroup = 16F2B47F214C762E0000EFEC /* Products */;
			projectDirPath = "";
			projectRoot = "";
			targets = (
				16F2B47D214C762E0000EFEC /* Programmatic Autolayout Constraints */,
			);
		};
/* End PBXProject section */

/* Begin PBXResourcesBuildPhase section */
		16F2B47C214C762E0000EFEC /* Resources */ = {
			isa = PBXResourcesBuildPhase;
			buildActionMask = 2147483647;
			files = (
				16F2B48F214C76310000EFEC /* LaunchScreen.storyboard in Resources */,
				16F2B48C214C76310000EFEC /* Assets.xcassets in Resources */,
				16F2B487214C762E0000EFEC /* Main.storyboard in Resources */,
			);
			runOnlyForDeploymentPostprocessing = 0;
		};
/* End PBXResourcesBuildPhase section */

/* Begin PBXSourcesBuildPhase section */
		16F2B47A214C762E0000EFEC /* Sources */ = {
			isa = PBXSourcesBuildPhase;
			buildActionMask = 2147483647;
			files = (
				16F2B484214C762E0000EFEC /* ViewController.swift in Sources */,
				16F2B48A214C762E0000EFEC /* Programmatic_Autolayout_Constraints.xcdatamodeld in Sources */,
				16F2B482214C762E0000EFEC /* AppDelegate.swift in Sources */,
			);
			runOnlyForDeploymentPostprocessing = 0;
		};
/* End PBXSourcesBuildPhase section */

/* Begin PBXVariantGroup section */
		16F2B485214C762E0000EFEC /* Main.storyboard */ = {
			isa = PBXVariantGroup;
			children = (
				16F2B486214C762E0000EFEC /* Base */,
			);
			name = Main.storyboard;
			sourceTree = "<group>";
		};
		16F2B48D214C76310000EFEC /* LaunchScreen.storyboard */ = {
			isa = PBXVariantGroup;
			children = (
				16F2B48E214C76310000EFEC /* Base */,
			);
			name = LaunchScreen.storyboard;
			sourceTree = "<group>";
		};
/* End PBXVariantGroup section */

/* Begin XCBuildConfiguration section */
		16F2B491214C76310000EFEC /* Debug */ = {
			isa = XCBuildConfiguration;
			buildSettings = {
				ALWAYS_SEARCH_USER_PATHS = NO;
				CLANG_ANALYZER_NONNULL = YES;
				CLANG_ANALYZER_NUMBER_OBJECT_CONVERSION = YES_AGGRESSIVE;
				CLANG_CXX_LANGUAGE_STANDARD = "gnu++14";
				CLANG_CXX_LIBRARY = "libc++";
				CLANG_ENABLE_MODULES = YES;
				CLANG_ENABLE_OBJC_ARC = YES;
				CLANG_ENABLE_OBJC_WEAK = YES;
				CLANG_WARN_BLOCK_CAPTURE_AUTORELEASING = YES;
				CLANG_WARN_BOOL_CONVERSION = YES;
				CLANG_WARN_COMMA = YES;
				CLANG_WARN_CONSTANT_CONVERSION = YES;
				CLANG_WARN_DEPRECATED_OBJC_IMPLEMENTATIONS = YES;
				CLANG_WARN_DIRECT_OBJC_ISA_USAGE = YES_ERROR;
				CLANG_WARN_DOCUMENTATION_COMMENTS = YES;
				CLANG_WARN_EMPTY_BODY = YES;
				CLANG_WARN_ENUM_CONVERSION = YES;
				CLANG_WARN_INFINITE_RECURSION = YES;
				CLANG_WARN_INT_CONVERSION = YES;
				CLANG_WARN_NON_LITERAL_NULL_CONVERSION = YES;
				CLANG_WARN_OBJC_IMPLICIT_RETAIN_SELF = YES;
				CLANG_WARN_OBJC_LITERAL_CONVERSION = YES;
				CLANG_WARN_OBJC_ROOT_CLASS = YES_ERROR;
				CLANG_WARN_RANGE_LOOP_ANALYSIS = YES;
				CLANG_WARN_STRICT_PROTOTYPES = YES;
				CLANG_WARN_SUSPICIOUS_MOVE = YES;
				CLANG_WARN_UNGUARDED_AVAILABILITY = YES_AGGRESSIVE;
				CLANG_WARN_UNREACHABLE_CODE = YES;
				CLANG_WARN__DUPLICATE_METHOD_MATCH = YES;
				CODE_SIGN_IDENTITY = "iPhone Developer";
				COPY_PHASE_STRIP = NO;
				DEBUG_INFORMATION_FORMAT = dwarf;
				ENABLE_STRICT_OBJC_MSGSEND = YES;
				ENABLE_TESTABILITY = YES;
				GCC_C_LANGUAGE_STANDARD = gnu11;
				GCC_DYNAMIC_NO_PIC = NO;
				GCC_NO_COMMON_BLOCKS = YES;
				GCC_OPTIMIZATION_LEVEL = 0;
				GCC_PREPROCESSOR_DEFINITIONS = (
					"DEBUG=1",
					"$(inherited)",
				);
				GCC_WARN_64_TO_32_BIT_CONVERSION = YES;
				GCC_WARN_ABOUT_RETURN_TYPE = YES_ERROR;
				GCC_WARN_UNDECLARED_SELECTOR = YES;
				GCC_WARN_UNINITIALIZED_AUTOS = YES_AGGRESSIVE;
				GCC_WARN_UNUSED_FUNCTION = YES;
				GCC_WARN_UNUSED_VARIABLE = YES;
				IPHONEOS_DEPLOYMENT_TARGET = 11.4;
				MTL_ENABLE_DEBUG_INFO = YES;
				ONLY_ACTIVE_ARCH = YES;
				SDKROOT = iphoneos;
				SWIFT_ACTIVE_COMPILATION_CONDITIONS = DEBUG;
				SWIFT_OPTIMIZATION_LEVEL = "-Onone";
			};
			name = Debug;
		};
		16F2B492214C76310000EFEC /* Release */ = {
			isa = XCBuildConfiguration;
			buildSettings = {
				ALWAYS_SEARCH_USER_PATHS = NO;
				CLANG_ANALYZER_NONNULL = YES;
				CLANG_ANALYZER_NUMBER_OBJECT_CONVERSION = YES_AGGRESSIVE;
				CLANG_CXX_LANGUAGE_STANDARD = "gnu++14";
				CLANG_CXX_LIBRARY = "libc++";
				CLANG_ENABLE_MODULES = YES;
				CLANG_ENABLE_OBJC_ARC = YES;
				CLANG_ENABLE_OBJC_WEAK = YES;
				CLANG_WARN_BLOCK_CAPTURE_AUTORELEASING = YES;
				CLANG_WARN_BOOL_CONVERSION = YES;
				CLANG_WARN_COMMA = YES;
				CLANG_WARN_CONSTANT_CONVERSION = YES;
				CLANG_WARN_DEPRECATED_OBJC_IMPLEMENTATIONS = YES;
				CLANG_WARN_DIRECT_OBJC_ISA_USAGE = YES_ERROR;
				CLANG_WARN_DOCUMENTATION_COMMENTS = YES;
				CLANG_WARN_EMPTY_BODY = YES;
				CLANG_WARN_ENUM_CONVERSION = YES;
				CLANG_WARN_INFINITE_RECURSION = YES;
				CLANG_WARN_INT_CONVERSION = YES;
				CLANG_WARN_NON_LITERAL_NULL_CONVERSION = YES;
				CLANG_WARN_OBJC_IMPLICIT_RETAIN_SELF = YES;
				CLANG_WARN_OBJC_LITERAL_CONVERSION = YES;
				CLANG_WARN_OBJC_ROOT_CLASS = YES_ERROR;
				CLANG_WARN_RANGE_LOOP_ANALYSIS = YES;
				CLANG_WARN_STRICT_PROTOTYPES = YES;
				CLANG_WARN_SUSPICIOUS_MOVE = YES;
				CLANG_WARN_UNGUARDED_AVAILABILITY = YES_AGGRESSIVE;
				CLANG_WARN_UNREACHABLE_CODE = YES;
				CLANG_WARN__DUPLICATE_METHOD_MATCH = YES;
				CODE_SIGN_IDENTITY = "iPhone Developer";
				COPY_PHASE_STRIP = NO;
				DEBUG_INFORMATION_FORMAT = "dwarf-with-dsym";
				ENABLE_NS_ASSERTIONS = NO;
				ENABLE_STRICT_OBJC_MSGSEND = YES;
				GCC_C_LANGUAGE_STANDARD = gnu11;
				GCC_NO_COMMON_BLOCKS = YES;
				GCC_WARN_64_TO_32_BIT_CONVERSION = YES;
				GCC_WARN_ABOUT_RETURN_TYPE = YES_ERROR;
				GCC_WARN_UNDECLARED_SELECTOR = YES;
				GCC_WARN_UNINITIALIZED_AUTOS = YES_AGGRESSIVE;
				GCC_WARN_UNUSED_FUNCTION = YES;
				GCC_WARN_UNUSED_VARIABLE = YES;
				IPHONEOS_DEPLOYMENT_TARGET = 11.4;
				MTL_ENABLE_DEBUG_INFO = NO;
				SDKROOT = iphoneos;
				SWIFT_COMPILATION_MODE = wholemodule;
				SWIFT_OPTIMIZATION_LEVEL = "-O";
				VALIDATE_PRODUCT = YES;
			};
			name = Release;
		};
		16F2B494214C76310000EFEC /* Debug */ = {
			isa = XCBuildConfiguration;
			buildSettings = {
				ASSETCATALOG_COMPILER_APPICON_NAME = AppIcon;
				CODE_SIGN_STYLE = Automatic;
				INFOPLIST_FILE = "Programmatic Autolayout Constraints/Info.plist";
				LD_RUNPATH_SEARCH_PATHS = (
					"$(inherited)",
					"@executable_path/Frameworks",
				);
				PRODUCT_BUNDLE_IDENTIFIER = "arktk8-mail.missouri.edu.Programmatic-Autolayout-Constraints";
				PRODUCT_NAME = "$(TARGET_NAME)";
				SWIFT_VERSION = 4.0;
				TARGETED_DEVICE_FAMILY = "1,2";
			};
			name = Debug;
		};
		16F2B495214C76310000EFEC /* Release */ = {
			isa = XCBuildConfiguration;
			buildSettings = {
				ASSETCATALOG_COMPILER_APPICON_NAME = AppIcon;
				CODE_SIGN_STYLE = Automatic;
				INFOPLIST_FILE = "Programmatic Autolayout Constraints/Info.plist";
				LD_RUNPATH_SEARCH_PATHS = (
					"$(inherited)",
					"@executable_path/Frameworks",
				);
				PRODUCT_BUNDLE_IDENTIFIER = "arktk8-mail.missouri.edu.Programmatic-Autolayout-Constraints";
				PRODUCT_NAME = "$(TARGET_NAME)";
				SWIFT_VERSION = 4.0;
				TARGETED_DEVICE_FAMILY = "1,2";
			};
			name = Release;
		};
/* End XCBuildConfiguration section */

/* Begin XCConfigurationList section */
		16F2B479214C762E0000EFEC /* Build configuration list for PBXProject "Programmatic Autolayout Constraints" */ = {
			isa = XCConfigurationList;
			buildConfigurations = (
				16F2B491214C76310000EFEC /* Debug */,
				16F2B492214C76310000EFEC /* Release */,
			);
			defaultConfigurationIsVisible = 0;
			defaultConfigurationName = Release;
		};
		16F2B493214C76310000EFEC /* Build configuration list for PBXNativeTarget "Programmatic Autolayout Constraints" */ = {
			isa = XCConfigurationList;
			buildConfigurations = (
				16F2B494214C76310000EFEC /* Debug */,
				16F2B495214C76310000EFEC /* Release */,
			);
			defaultConfigurationIsVisible = 0;
			defaultConfigurationName = Release;
		};
/* End XCConfigurationList section */

/* Begin XCVersionGroup section */
		16F2B488214C762E0000EFEC /* Programmatic_Autolayout_Constraints.xcdatamodeld */ = {
			isa = XCVersionGroup;
			children = (
				16F2B489214C762E0000EFEC /* Programmatic_Autolayout_Constraints.xcdatamodel */,
			);
			currentVersion = 16F2B489214C762E0000EFEC /* Programmatic_Autolayout_Constraints.xcdatamodel */;
			path = Programmatic_Autolayout_Constraints.xcdatamodeld;
			sourceTree = "<group>";
			versionGroupType = wrapper.xcdatamodel;
		};
/* End XCVersionGroup section */
	};
	rootObject = 16F2B476214C762E0000EFEC /* Project object */;
}
